
Microsoft Visual Studio Solution File, Format Version 12.00
# Visual Studio Version 17
VisualStudioVersion = 17.6.33815.320
MinimumVisualStudioVersion = 10.0.40219.1
Project("{8BC9CEB8-8B4A-11D0-8D11-00A0C91BC942}") = "4laba", "4laba.vcxproj", "{F88D51B2-3187-45D2-9411-D49B12B51BAB}"
EndProject
Global
	GlobalSection(SolutionConfigurationPlatforms) = preSolution
		Debug|x64 = Debug|x64
		Debug|x86 = Debug|x86
		Release|x64 = Release|x64
		Release|x86 = Release|x86
	EndGlobalSection
	GlobalSection(ProjectConfigurationPlatforms) = postSolution
		{F88D51B2-3187-45D2-9411-D49B12B51BAB}.Debug|x64.ActiveCfg = Debug|x64
		{F88D51B2-3187-45D2-9411-D49B12B51BAB}.Debug|x64.Build.0 = Debug|x64
		{F88D51B2-3187-45D2-9411-D49B12B51BAB}.Debug|x86.ActiveCfg = Debug|Win32
		{F88D51B2-3187-45D2-9411-D49B12B51BAB}.Debug|x86.Build.0 = Debug|Win32
		{F88D51B2-3187-45D2-9411-D49B12B51BAB}.Release|x64.ActiveCfg = Release|x64
		{F88D51B2-3187-45D2-9411-D49B12B51BAB}.Release|x64.Build.0 = Release|x64
		{F88D51B2-3187-45D2-9411-D49B12B51BAB}.Release|x86.ActiveCfg = Release|Win32
		{F88D51B2-3187-45D2-9411-D49B12B51BAB}.Release|x86.Build.0 = Release|Win32
	EndGlobalSection
	GlobalSection(SolutionProperties) = preSolution
		HideSolutionNode = FALSE
	EndGlobalSection
	GlobalSection(ExtensibilityGlobals) = postSolution
		SolutionGuid = {F4E90451-7812-4ED3-BF5D-56CBF23AC571}
	EndGlobalSection
EndGlobal
